// !$*UTF8*$!
{
	archiveVersion = 1;
	classes = {
	};
	objectVersion = 46;
	objects = {

/* Begin PBXBuildFile section */
		047D54961C83B06F00A262E4 /* AppDelegate.swift in Sources */ = {isa = PBXBuildFile; fileRef = 047D54951C83B06F00A262E4 /* AppDelegate.swift */; };
		047D54981C83B06F00A262E4 /* ViewController.swift in Sources */ = {isa = PBXBuildFile; fileRef = 047D54971C83B06F00A262E4 /* ViewController.swift */; };
		047D549B1C83B06F00A262E4 /* Main.storyboard in Resources */ = {isa = PBXBuildFile; fileRef = 047D54991C83B06F00A262E4 /* Main.storyboard */; };
		047D549D1C83B06F00A262E4 /* Assets.xcassets in Resources */ = {isa = PBXBuildFile; fileRef = 047D549C1C83B06F00A262E4 /* Assets.xcassets */; };
		047D54A01C83B06F00A262E4 /* LaunchScreen.storyboard in Resources */ = {isa = PBXBuildFile; fileRef = 047D549E1C83B06F00A262E4 /* LaunchScreen.storyboard */; };
		047D54A81C83B0EB00A262E4 /* Datos.swift in Sources */ = {isa = PBXBuildFile; fileRef = 047D54A71C83B0EB00A262E4 /* Datos.swift */; };
		047D54AA1C83B5D500A262E4 /* ColorFondo.swift in Sources */ = {isa = PBXBuildFile; fileRef = 047D54A91C83B5D500A262E4 /* ColorFondo.swift */; };
/* End PBXBuildFile section */

/* Begin PBXFileReference section */
		047D54921C83B06F00A262E4 /* HamburguesasEnElMundo.app */ = {isa = PBXFileReference; explicitFileType = wrapper.application; includeInIndex = 0; path = HamburguesasEnElMundo.app; sourceTree = BUILT_PRODUCTS_DIR; };
		047D54951C83B06F00A262E4 /* AppDelegate.swift */ = {isa = PBXFileReference; lastKnownFileType = sourcecode.swift; path = AppDelegate.swift; sourceTree = "<group>"; };
		047D54971C83B06F00A262E4 /* ViewController.swift */ = {isa = PBXFileReference; lastKnownFileType = sourcecode.swift; path = ViewController.swift; sourceTree = "<group>"; };
		047D549A1C83B06F00A262E4 /* Base */ = {isa = PBXFileReference; lastKnownFileType = file.storyboard; name = Base; path = Base.lproj/Main.storyboard; sourceTree = "<group>"; };
		047D549C1C83B06F00A262E4 /* Assets.xcassets */ = {isa = PBXFileReference; lastKnownFileType = folder.assetcatalog; path = Assets.xcassets; sourceTree = "<group>"; };
		047D549F1C83B06F00A262E4 /* Base */ = {isa = PBXFileReference; lastKnownFileType = file.storyboard; name = Base; path = Base.lproj/LaunchScreen.storyboard; sourceTree = "<group>"; };
		047D54A11C83B06F00A262E4 /* Info.plist */ = {isa = PBXFileReference; lastKnownFileType = text.plist.xml; path = Info.plist; sourceTree = "<group>"; };
		047D54A71C83B0EB00A262E4 /* Datos.swift */ = {isa = PBXFileReference; fileEncoding = 4; lastKnownFileType = sourcecode.swift; path = Datos.swift; sourceTree = "<group>"; };
		047D54A91C83B5D500A262E4 /* ColorFondo.swift */ = {isa = PBXFileReference; fileEncoding = 4; lastKnownFileType = sourcecode.swift; path = ColorFondo.swift; sourceTree = "<group>"; };
/* End PBXFileReference section */

/* Begin PBXFrameworksBuildPhase section */
		047D548F1C83B06F00A262E4 /* Frameworks */ = {
			isa = PBXFrameworksBuildPhase;
			buildActionMask = 2147483647;
			files = (
			);
			runOnlyForDeploymentPostprocessing = 0;
		};
/* End PBXFrameworksBuildPhase section */

/* Begin PBXGroup section */
		047D54891C83B06F00A262E4 = {
			isa = PBXGroup;
			children = (
				047D54941C83B06F00A262E4 /* HamburguesasEnElMundo */,
				047D54931C83B06F00A262E4 /* Products */,
			);
			sourceTree = "<group>";
		};
		047D54931C83B06F00A262E4 /* Products */ = {
			isa = PBXGroup;
			children = (
				047D54921C83B06F00A262E4 /* HamburguesasEnElMundo.app */,
			);
			name = Products;
			sourceTree = "<group>";
		};
		047D54941C83B06F00A262E4 /* HamburguesasEnElMundo */ = {
			isa = PBXGroup;
			children = (
				047D54951C83B06F00A262E4 /* AppDelegate.swift */,
				047D54971C83B06F00A262E4 /* ViewController.swift */,
				047D54991C83B06F00A262E4 /* Main.storyboard */,
				047D549C1C83B06F00A262E4 /* Assets.xcassets */,
				047D549E1C83B06F00A262E4 /* LaunchScreen.storyboard */,
				047D54A11C83B06F00A262E4 /* Info.plist */,
				047D54A71C83B0EB00A262E4 /* Datos.swift */,
				047D54A91C83B5D500A262E4 /* ColorFondo.swift */,
			);
			path = HamburguesasEnElMundo;
			sourceTree = "<group>";
		};
/* End PBXGroup section */

/* Begin PBXNativeTarget section */
		047D54911C83B06F00A262E4 /* HamburguesasEnElMundo */ = {
			isa = PBXNativeTarget;
			buildConfigurationList = 047D54A41C83B06F00A262E4 /* Build configuration list for PBXNativeTarget "HamburguesasEnElMundo" */;
			buildPhases = (
				047D548E1C83B06F00A262E4 /* Sources */,
				047D548F1C83B06F00A262E4 /* Frameworks */,
				047D54901C83B06F00A262E4 /* Resources */,
			);
			buildRules = (
			);
			dependencies = (
			);
			name = HamburguesasEnElMundo;
			productName = HamburguesasEnElMundo;
			productReference = 047D54921C83B06F00A262E4 /* HamburguesasEnElMundo.app */;
			productType = "com.apple.product-type.application";
		};
/* End PBXNativeTarget section */

/* Begin PBXProject section */
		047D548A1C83B06F00A262E4 /* Project object */ = {
			isa = PBXProject;
			attributes = {
				LastSwiftUpdateCheck = 0720;
				LastUpgradeCheck = 0720;
				ORGANIZATIONNAME = "Juan Sebastian Castro";
				TargetAttributes = {
					047D54911C83B06F00A262E4 = {
						CreatedOnToolsVersion = 7.2.1;
					};
				};
			};
			buildConfigurationList = 047D548D1C83B06F00A262E4 /* Build configuration list for PBXProject "HamburguesasEnElMundo" */;
			compatibilityVersion = "Xcode 3.2";
			developmentRegion = English;
			hasScannedForEncodings = 0;
			knownRegions = (
				en,
				Base,
			);
			mainGroup = 047D54891C83B06F00A262E4;
			productRefGroup = 047D54931C83B06F00A262E4 /* Products */;
			projectDirPath = "";
			projectRoot = "";
			targets = (
				047D54911C83B06F00A262E4 /* HamburguesasEnElMundo */,
			);
		};
/* End PBXProject section */

/* Begin PBXResourcesBuildPhase section */
		047D54901C83B06F00A262E4 /* Resources */ = {
			isa = PBXResourcesBuildPhase;
			buildActionMask = 2147483647;
			files = (
				047D54A01C83B06F00A262E4 /* LaunchScreen.storyboard in Resources */,
				047D549D1C83B06F00A262E4 /* Assets.xcassets in Resources */,
				047D549B1C83B06F00A262E4 /* Main.storyboard in Resources */,
			);
			runOnlyForDeploymentPostprocessing = 0;
		};
/* End PBXResourcesBuildPhase section */

/* Begin PBXSourcesBuildPhase section */
		047D548E1C83B06F00A262E4 /* Sources */ = {
			isa = PBXSourcesBuildPhase;
			buildActionMask = 2147483647;
			files = (
				047D54AA1C83B5D500A262E4 /* ColorFondo.swift in Sources */,
				047D54981C83B06F00A262E4 /* ViewController.swift in Sources */,
				047D54961C83B06F00A262E4 /* AppDelegate.swift in Sources */,
				047D54A81C83B0EB00A262E4 /* Datos.swift in Sources */,
			);
			runOnlyForDeploymentPostprocessing = 0;
		};
/* End PBXSourcesBuildPhase section */

/* Begin PBXVariantGroup section */
		047D54991C83B06F00A262E4 /* Main.storyboard */ = {
			isa = PBXVariantGroup;
			children = (
				047D549A1C83B06F00A262E4 /* Base */,
			);
			name = Main.storyboard;
			sourceTree = "<group>";
		};
		047D549E1C83B06F00A262E4 /* LaunchScreen.storyboard */ = {
			isa = PBXVariantGroup;
			children = (
				047D549F1C83B06F00A262E4 /* Base */,
			);
			name = LaunchScreen.storyboard;
			sourceTree = "<group>";
		};
/* End PBXVariantGroup section */

/* Begin XCBuildConfiguration section */
		047D54A21C83B06F00A262E4 /* Debug */ = {
			isa = XCBuildConfiguration;
			buildSettings = {
				ALWAYS_SEARCH_USER_PATHS = NO;
				CLANG_CXX_LANGUAGE_STANDARD = "gnu++0x";
				CLANG_CXX_LIBRARY = "libc++";
				CLANG_ENABLE_MODULES = YES;
				CLANG_ENABLE_OBJC_ARC = YES;
				CLANG_WARN_BOOL_CONVERSION = YES;
				CLANG_WARN_CONSTANT_CONVERSION = YES;
				CLANG_WARN_DIRECT_OBJC_ISA_USAGE = YES_ERROR;
				CLANG_WARN_EMPTY_BODY = YES;
				CLANG_WARN_ENUM_CONVERSION = YES;
				CLANG_WARN_INT_CONVERSION = YES;
				CLANG_WARN_OBJC_ROOT_CLASS = YES_ERROR;
				CLANG_WARN_UNREACHABLE_CODE = YES;
				CLANG_WARN__DUPLICATE_METHOD_MATCH = YES;
				"CODE_SIGN_IDENTITY[sdk=iphoneos*]" = "iPhone Developer";
				COPY_PHASE_STRIP = NO;
				DEBUG_INFORMATION_FORMAT = dwarf;
				ENABLE_STRICT_OBJC_MSGSEND = YES;
				ENABLE_TESTABILITY = YES;
				GCC_C_LANGUAGE_STANDARD = gnu99;
				GCC_DYNAMIC_NO_PIC = NO;
				GCC_NO_COMMON_BLOCKS = YES;
				GCC_OPTIMIZATION_LEVEL = 0;
				GCC_PREPROCESSOR_DEFINITIONS = (
					"DEBUG=1",
					"$(inherited)",
				);
				GCC_WARN_64_TO_32_BIT_CONVERSION = YES;
				GCC_WARN_ABOUT_RETURN_TYPE = YES_ERROR;
				GCC_WARN_UNDECLARED_SELECTOR = YES;
				GCC_WARN_UNINITIALIZED_AUTOS = YES_AGGRESSIVE;
				GCC_WARN_UNUSED_FUNCTION = YES;
				GCC_WARN_UNUSED_VARIABLE = YES;
				IPHONEOS_DEPLOYMENT_TARGET = 9.2;
				MTL_ENABLE_DEBUG_INFO = YES;
				ONLY_ACTIVE_ARCH = YES;
				SDKROOT = iphoneos;
				SWIFT_OPTIMIZATION_LEVEL = "-Onone";
			};
			name = Debug;
		};
		047D54A31C83B06F00A262E4 /* Release */ = {
			isa = XCBuildConfiguration;
			buildSettings = {
				ALWAYS_SEARCH_USER_PATHS = NO;
				CLANG_CXX_LANGUAGE_STANDARD = "gnu++0x";
				CLANG_CXX_LIBRARY = "libc++";
				CLANG_ENABLE_MODULES = YES;
				CLANG_ENABLE_OBJC_ARC = YES;
				CLANG_WARN_BOOL_CONVERSION = YES;
				CLANG_WARN_CONSTANT_CONVERSION = YES;
				CLANG_WARN_DIRECT_OBJC_ISA_USAGE = YES_ERROR;
				CLANG_WARN_EMPTY_BODY = YES;
				CLANG_WARN_ENUM_CONVERSION = YES;
				CLANG_WARN_INT_CONVERSION = YES;
				CLANG_WARN_OBJC_ROOT_CLASS = YES_ERROR;
				CLANG_WARN_UNREACHABLE_CODE = YES;
				CLANG_WARN__DUPLICATE_METHOD_MATCH = YES;
				"CODE_SIGN_IDENTITY[sdk=iphoneos*]" = "iPhone Developer";
				COPY_PHASE_STRIP = NO;
				DEBUG_INFORMATION_FORMAT = "dwarf-with-dsym";
				ENABLE_NS_ASSERTIONS = NO;
				ENABLE_STRICT_OBJC_MSGSEND = YES;
				GCC_C_LANGUAGE_STANDARD = gnu99;
				GCC_NO_COMMON_BLOCKS = YES;
				GCC_WARN_64_TO_32_BIT_CONVERSION = YES;
				GCC_WARN_ABOUT_RETURN_TYPE = YES_ERROR;
				GCC_WARN_UNDECLARED_SELECTOR = YES;
				GCC_WARN_UNINITIALIZED_AUTOS = YES_AGGRESSIVE;
				GCC_WARN_UNUSED_FUNCTION = YES;
				GCC_WARN_UNUSED_VARIABLE = YES;
				IPHONEOS_DEPLOYMENT_TARGET = 9.2;
				MTL_ENABLE_DEBUG_INFO = NO;
				SDKROOT = iphoneos;
				VALIDATE_PRODUCT = YES;
			};
			name = Release;
		};
		047D54A51C83B06F00A262E4 /* Debug */ = {
			isa = XCBuildConfiguration;
			buildSettings = {
				ASSETCATALOG_COMPILER_APPICON_NAME = AppIcon;
				INFOPLIST_FILE = HamburguesasEnElMundo/Info.plist;
				LD_RUNPATH_SEARCH_PATHS = "$(inherited) @executable_path/Frameworks";
				PRODUCT_BUNDLE_IDENTIFIER = co.JuanSebastianCastro.HamburguesasEnElMundo;
				PRODUCT_NAME = "$(TARGET_NAME)";
			};
			name = Debug;
		};
		047D54A61C83B06F00A262E4 /* Release */ = {
			isa = XCBuildConfiguration;
			buildSettings = {
				ASSETCATALOG_COMPILER_APPICON_NAME = AppIcon;
				INFOPLIST_FILE = HamburguesasEnElMundo/Info.plist;
				LD_RUNPATH_SEARCH_PATHS = "$(inherited) @executable_path/Frameworks";
				PRODUCT_BUNDLE_IDENTIFIER = co.JuanSebastianCastro.HamburguesasEnElMundo;
				PRODUCT_NAME = "$(TARGET_NAME)";
			};
			name = Release;
		};
/* End XCBuildConfiguration section */

/* Begin XCConfigurationList section */
		047D548D1C83B06F00A262E4 /* Build configuration list for PBXProject "HamburguesasEnElMundo" */ = {
			isa = XCConfigurationList;
			buildConfigurations = (
				047D54A21C83B06F00A262E4 /* Debug */,
				047D54A31C83B06F00A262E4 /* Release */,
			);
			defaultConfigurationIsVisible = 0;
			defaultConfigurationName = Release;
		};
		047D54A41C83B06F00A262E4 /* Build configuration list for PBXNativeTarget "HamburguesasEnElMundo" */ = {
			isa = XCConfigurationList;
			buildConfigurations = (
				047D54A51C83B06F00A262E4 /* Debug */,
				047D54A61C83B06F00A262E4 /* Release */,
			);
			defaultConfigurationIsVisible = 0;
		};
/* End XCConfigurationList section */
	};
	rootObject = 047D548A1C83B06F00A262E4 /* Project object */;
}
